
Microsoft Visual Studio Solution File, Format Version 12.00
# Visual Studio Version 17
VisualStudioVersion = 17.5.33530.505
MinimumVisualStudioVersion = 10.0.40219.1
Project("{F184B08F-C81C-45F6-A57F-5ABD9991F28F}") = "interfaz_de_usuario", "interfaz_de_usuario\interfaz_de_usuario.vbproj", "{68C14A61-63FC-421B-868F-F2BA9A4DBAB3}"
EndProject
Global
	GlobalSection(SolutionConfigurationPlatforms) = preSolution
		Debug|Any CPU = Debug|Any CPU
		Release|Any CPU = Release|Any CPU
	EndGlobalSection
	GlobalSection(ProjectConfigurationPlatforms) = postSolution
		{68C14A61-63FC-421B-868F-F2BA9A4DBAB3}.Debug|Any CPU.ActiveCfg = Debug|Any CPU
		{68C14A61-63FC-421B-868F-F2BA9A4DBAB3}.Debug|Any CPU.Build.0 = Debug|Any CPU
		{68C14A61-63FC-421B-868F-F2BA9A4DBAB3}.Release|Any CPU.ActiveCfg = Release|Any CPU
		{68C14A61-63FC-421B-868F-F2BA9A4DBAB3}.Release|Any CPU.Build.0 = Release|Any CPU
	EndGlobalSection
	GlobalSection(SolutionProperties) = preSolution
		HideSolutionNode = FALSE
	EndGlobalSection
	GlobalSection(ExtensibilityGlobals) = postSolution
		SolutionGuid = {8343ABB1-8E12-4FE9-986A-37EFFF3C098F}
	EndGlobalSection
EndGlobal
